
Microsoft Visual Studio Solution File, Format Version 12.00
# Visual Studio Version 17
VisualStudioVersion = 17.8.34330.188
MinimumVisualStudioVersion = 10.0.40219.1
Project("{8BC9CEB8-8B4A-11D0-8D11-00A0C91BC942}") = "MelodyV2", "MelodyV2\MelodyV2.vcxproj", "{8C6B4FCF-33A4-42FA-A27B-1A5C2E54D8E0}"
EndProject
Global
	GlobalSection(SolutionConfigurationPlatforms) = preSolution
		Debug|x64 = Debug|x64
		Debug|x86 = Debug|x86
		Release|x64 = Release|x64
		Release|x86 = Release|x86
	EndGlobalSection
	GlobalSection(ProjectConfigurationPlatforms) = postSolution
		{8C6B4FCF-33A4-42FA-A27B-1A5C2E54D8E0}.Debug|x64.ActiveCfg = Debug|x64
		{8C6B4FCF-33A4-42FA-A27B-1A5C2E54D8E0}.Debug|x64.Build.0 = Debug|x64
		{8C6B4FCF-33A4-42FA-A27B-1A5C2E54D8E0}.Debug|x86.ActiveCfg = Debug|Win32
		{8C6B4FCF-33A4-42FA-A27B-1A5C2E54D8E0}.Debug|x86.Build.0 = Debug|Win32
		{8C6B4FCF-33A4-42FA-A27B-1A5C2E54D8E0}.Release|x64.ActiveCfg = Release|x64
		{8C6B4FCF-33A4-42FA-A27B-1A5C2E54D8E0}.Release|x64.Build.0 = Release|x64
		{8C6B4FCF-33A4-42FA-A27B-1A5C2E54D8E0}.Release|x86.ActiveCfg = Release|Win32
		{8C6B4FCF-33A4-42FA-A27B-1A5C2E54D8E0}.Release|x86.Build.0 = Release|Win32
	EndGlobalSection
	GlobalSection(SolutionProperties) = preSolution
		HideSolutionNode = FALSE
	EndGlobalSection
	GlobalSection(ExtensibilityGlobals) = postSolution
		SolutionGuid = {AB2B13BD-791D-4528-A019-200565583CF1}
	EndGlobalSection
EndGlobal
