<?xml version="1.0" encoding="utf-8"?>
<Project ToolsVersion="4.0" xmlns="http://schemas.microsoft.com/developer/msbuild/2003">
  <ItemGroup>
    <ClCompile Include="Client\Client.cpp" />
    <ClCompile Include="Client\HookManager\HookManager.cpp" />
    <ClCompile Include="Client\ModuleManager\ModuleManager.cpp" />
    <ClCompile Include="Client\ModuleManager\Modules\Module.cpp" />
    <ClCompile Include="dllmain.cpp" />
    <ClCompile Include="SDK\GameData.cpp" />
    <ClCompile Include="Utils\RenderUtils.cpp" />
    <ClCompile Include="Client\HookManager\Hooks\DirectX\DirectXHook.cpp" />
    <ClCompile Include="Client\ModuleManager\Modules\Client\Colors.cpp" />
    <ClCompile Include="Libs\ImFX\imfx.cpp" />
    <ClCompile Include="Libs\ImGui\imgui.cpp" />
    <ClCompile Include="Libs\ImGui\imgui_demo.cpp" />
    <ClCompile Include="Libs\ImGui\imgui_draw.cpp" />
    <ClCompile Include="Libs\ImGui\imgui_impl_dx11.cpp" />
    <ClCompile Include="Libs\ImGui\imgui_impl_dx12.cpp" />
    <ClCompile Include="Libs\ImGui\imgui_impl_win32.cpp" />
    <ClCompile Include="Libs\ImGui\imgui_tables.cpp" />
    <ClCompile Include="Libs\ImGui\imgui_widgets.cpp" />
    <ClCompile Include="Libs\Kiero\kiero.cpp" />
    <ClCompile Include="Utils\ImGuiUtils.cpp" />
    <ClCompile Include="Client\ConfigManager\ConfigManager.cpp" />
    <ClCompile Include="Client\ModuleManager\Modules\Client\ClickGui.cpp" />
    <ClCompile Include="Client\ModuleManager\Modules\Player\Swing.cpp" />
    <ClCompile Include="Client\ModuleManager\Modules\Render\Fullbright.cpp" />
    <ClCompile Include="Client\ModuleManager\Modules\Render\NoRender.cpp" />
    <ClCompile Include="Client\ModuleManager\Modules\Client\HUD.cpp" />
    <ClCompile Include="Client\ModuleManager\Modules\Render\NoHurtcam.cpp" />
    <ClCompile Include="Client\ModuleManager\Modules\Player\BlockReach.cpp" />
    <ClCompile Include="Client\ModuleManager\Modules\Player\PacketMine.cpp" />
    <ClCompile Include="Client\ModuleManager\Modules\Movement\AutoSprint.cpp" />
    <ClCompile Include="Client\ModuleManager\Modules\Movement\Velocity.cpp" />
    <ClCompile Include="Client\ModuleManager\Modules\Misc\Timer.cpp" />
    <ClCompile Include="Client\CommandManager\CommandManager.cpp" />
    <ClCompile Include="SDK\MCTextFormat.cpp" />
    <ClCompile Include="Client\ModuleManager\Modules\Render\HurtColor.cpp" />
    <ClCompile Include="Client\ModuleManager\Modules\Misc\NoPacket.cpp" />
    <ClCompile Include="Client\ModuleManager\Modules\Client\CustomFont.cpp" />
    <ClCompile Include="Client\ModuleManager\Modules\Movement\Phase.cpp" />
    <ClCompile Include="Client\ModuleManager\Modules\Player\FastEat.cpp" />
    <ClCompile Include="Client\ModuleManager\Modules\Client\ArrayList.cpp" />
    <ClCompile Include="Client\ModuleManager\Modules\Player\AutoEat.cpp" />
    <ClCompile Include="Client\ModuleManager\Modules\Client\Notifications.cpp" />
    <ClCompile Include="Utils\TargetUtils.cpp" />
    <ClCompile Include="Client\ModuleManager\Modules\Render\CameraNoClip.cpp" />
    <ClCompile Include="Client\ModuleManager\Modules\Combat\Killaura.cpp" />
    <ClCompile Include="Client\ModuleManager\Modules\Render\NameTags.cpp" />
    <ClCompile Include="Client\ModuleManager\Modules\Render\ConicalHat.cpp" />
    <ClCompile Include="SDK\Signatures.cpp" />
    <ClCompile Include="SDK\Classes\GameMode.cpp" />
    <ClCompile Include="Client\ModuleManager\Modules\Render\Tracer.cpp" />
    <ClCompile Include="Client\ModuleManager\Modules\Combat\AutoCrystal.cpp" />
    <ClCompile Include="Client\ModuleManager\Modules\Player\Surround.cpp" />
    <ClCompile Include="Client\ModuleManager\Modules\Player\Scaffold.cpp" />
    <ClCompile Include="Client\ModuleManager\Modules\Combat\Reach.cpp" />
    <ClCompile Include="Client\ModuleManager\Modules\Misc\Disabler.cpp" />
    <ClCompile Include="Client\ModuleManager\Modules\Render\CustomFov.cpp" />
    <ClCompile Include="Client\ModuleManager\Modules\Player\AutoOffhand.cpp" />
    <ClCompile Include="Client\ModuleManager\Modules\Render\ESP.cpp" />
    <ClCompile Include="Client\CommandManager\Commands\FriendCommand.cpp" />
    <ClCompile Include="Client\ModuleManager\Modules\Combat\AutoAnvil.cpp" />
    <ClCompile Include="Client\ModuleManager\Modules\Misc\Anticrystal.cpp" />
    <ClCompile Include="Client\ModuleManager\Modules\Movement\Fly.cpp" />
    <ClCompile Include="Client\ModuleManager\Modules\Movement\ElytraFly.cpp" />
    <ClCompile Include="Client\ModuleManager\Modules\Movement\Clip.cpp" />
    <ClCompile Include="Client\ModuleManager\Modules\Player\AntiAnvil.cpp" />
    <ClCompile Include="Client\ModuleManager\Modules\Render\AutoEmote.cpp" />
    <ClCompile Include="Client\ModuleManager\Modules\Player\ChestStealler.cpp" />
  </ItemGroup>
  <ItemGroup>
    <ClInclude Include="Client\Client.h" />
    <ClInclude Include="Client\HookManager\HooksManager.h" />
    <ClInclude Include="Client\HookManager\Hooks\Actor\ActorNormalTickHook.h" />
    <ClInclude Include="Client\HookManager\Hooks\Key\KeyMapHook.h" />
    <ClInclude Include="Client\HookManager\Hooks\Key\KeyMouseHook.h" />
    <ClInclude Include="Client\HookManager\Hooks\MinecraftUIRenderContext\DrawImageHook.h" />
    <ClInclude Include="Client\HookManager\Hooks\Mob\GetCurrentSwingDurationHook.h" />
    <ClInclude Include="Client\HookManager\Hooks\ScreenView.h" />
    <ClInclude Include="Client\HookManager\Hooks\ScreenView\SetUpAndRenderHook.h" />
    <ClInclude Include="Client\ModuleManager\ModuleManager.h" />
    <ClInclude Include="Client\ModuleManager\Modules\Module.h" />
    <ClInclude Include="SDK\GameData.h" />
    <ClInclude Include="Utils\ColorUtils.h" />
    <ClInclude Include="Utils\Math.h" />
    <ClInclude Include="Utils\MemoryUtils.h" />
    <ClInclude Include="Utils\RenderUtils.h" />
    <ClInclude Include="Utils\Utils.h" />
    <ClInclude Include="Client\HookManager\Hooks\Actor\ActorIsOnFireHook.h" />
    <ClInclude Include="Client\HookManager\Hooks\Actor\ActorShouldRenderHook.h" />
    <ClInclude Include="Client\HookManager\Hooks\DirectX\DirectXHook.h" />
    <ClInclude Include="Client\HookManager\Hooks\Others\GetGammaHook.h" />
    <ClInclude Include="Client\ModuleManager\Modules\Client\Colors.h" />
    <ClInclude Include="Libs\Fonts\Mojangles.h" />
    <ClInclude Include="Libs\ImFX\imfx.h" />
    <ClInclude Include="Libs\ImGui\imconfig.h" />
    <ClInclude Include="Libs\ImGui\imgui.h" />
    <ClInclude Include="Libs\ImGui\imgui_impl_dx11.h" />
    <ClInclude Include="Libs\ImGui\imgui_impl_dx12.h" />
    <ClInclude Include="Libs\ImGui\imgui_impl_win32.h" />
    <ClInclude Include="Libs\ImGui\imgui_internal.h" />
    <ClInclude Include="Libs\ImGui\imstb_rectpack.h" />
    <ClInclude Include="Libs\ImGui\imstb_textedit.h" />
    <ClInclude Include="Libs\ImGui\imstb_truetype.h" />
    <ClInclude Include="Libs\Kiero\kiero.h" />
    <ClInclude Include="Utils\ImGuiUtils.h" />
    <ClInclude Include="Client\ConfigManager\ConfigManager.h" />
    <ClInclude Include="Libs\Json.hpp" />
    <ClInclude Include="Client\ModuleManager\Modules\Client\ClickGui.h" />
    <ClInclude Include="Libs\Fonts\ProductSansRegular.h" />
    <ClInclude Include="Client\ModuleManager\Modules\Player\Swing.h" />
    <ClInclude Include="Client\ModuleManager\Modules\Render\Fullbright.h" />
    <ClInclude Include="Client\ModuleManager\Modules\Render\NoRender.h" />
    <ClInclude Include="Client\ModuleManager\Modules\Client\HUD.h" />
    <ClInclude Include="SDK\Components\StateVectorComponent.h" />
    <ClInclude Include="Client\HookManager\Hooks\Others\CauseHurtHook.h" />
    <ClInclude Include="Client\ModuleManager\Modules\Render\NoHurtcam.h" />
    <ClInclude Include="Client\HookManager\Hooks\Others\FontDrawTransformedHook.h" />
    <ClInclude Include="Client\HookManager\Hooks\Others\HurtColorHook.h" />
    <ClInclude Include="Client\HookManager\Hooks\GameMode\GameModeStartDestroyBlockHook.h" />
    <ClInclude Include="Client\HookManager\Hooks\GameMode\GameModeStopDestroyBlockHook.h" />
    <ClInclude Include="Client\HookManager\Hooks\GameMode\GameModeGetPickRangeHook.h" />
    <ClInclude Include="Client\ModuleManager\Modules\Player\BlockReach.h" />
    <ClInclude Include="Client\HookManager\Hooks\Others\ServerTickBlockBreakingHook.h" />
    <ClInclude Include="Client\ModuleManager\Modules\Player\PacketMine.h" />
    <ClInclude Include="Client\ModuleManager\Modules\Movement\AutoSprint.h" />
    <ClInclude Include="Client\ModuleManager\Modules\Movement\Velocity.h" />
    <ClInclude Include="Client\HookManager\Hooks\Actor\ActorLerpMotionHook.h" />
    <ClInclude Include="Client\ModuleManager\Modules\Misc\Timer.h" />
    <ClInclude Include="Client\CommandManager\CommandManager.h" />
    <ClInclude Include="Client\CommandManager\Commands\Command.h" />
    <ClInclude Include="Client\HookManager\Hooks\Others\SendPacketHook.h" />
    <ClInclude Include="SDK\MCTextFormat.h" />
    <ClInclude Include="Client\HookManager\Hooks\MinecraftUIRenderContext\DrawTextHook.h" />
    <ClInclude Include="Client\ModuleManager\Modules\Render\HurtColor.h" />
    <ClInclude Include="Client\ModuleManager\Modules\Misc\NoPacket.h" />
    <ClInclude Include="Client\ModuleManager\Modules\Client\CustomFont.h" />
    <ClInclude Include="Libs\Fonts\ProductSansLight.h" />
    <ClInclude Include="Client\ModuleManager\Modules\Movement\Phase.h" />
    <ClInclude Include="Client\ModuleManager\Modules\Player\FastEat.h" />
    <ClInclude Include="Client\ModuleManager\Modules\Client\ArrayList.h" />
    <ClInclude Include="Client\HookManager\Hooks\Others\HIDControllerHook.h" />
    <ClInclude Include="Client\ModuleManager\Modules\Player\AutoEat.h" />
    <ClInclude Include="Client\ModuleManager\Modules\Client\Notifications.h" />
    <ClInclude Include="SDK\Components\FallDistanceComponent.h" />
    <ClInclude Include="SDK\Components\RuntimeIDComponent.h" />
    <ClInclude Include="Utils\TargetUtils.h" />
    <ClInclude Include="SDK\Components\ActorTypeComponent.h" />
    <ClInclude Include="Client\ModuleManager\Modules\Render\CameraNoClip.h" />
    <ClInclude Include="Client\ModuleManager\Modules\Combat\Killaura.h" />
    <ClInclude Include="Libs\Fonts\NotoSans.h" />
    <ClInclude Include="Client\ModuleManager\Modules\Render\NameTags.h" />
    <ClInclude Include="SDK\Components\RenderPositionComponent.h" />
    <ClInclude Include="Client\ModuleManager\Modules\Render\ConicalHat.h" />
    <ClInclude Include="SDK\Components\MobEffectsComponent.h" />
    <ClInclude Include="Libs\Libhat\libhat\Callable.hpp" />
    <ClInclude Include="Libs\Libhat\libhat\CompileTime.hpp" />
    <ClInclude Include="Libs\Libhat\libhat\Concepts.hpp" />
    <ClInclude Include="Libs\Libhat\libhat\Defines.hpp" />
    <ClInclude Include="Libs\Libhat\libhat\MemoryProtector.hpp" />
    <ClInclude Include="Libs\Libhat\libhat\Process.hpp" />
    <ClInclude Include="Libs\Libhat\libhat\Result.hpp" />
    <ClInclude Include="Libs\Libhat\libhat\Scanner.hpp" />
    <ClInclude Include="Libs\Libhat\libhat\Signature.hpp" />
    <ClInclude Include="Libs\Libhat\libhat.hpp" />
    <ClInclude Include="SDK\Signatures.h" />
    <ClInclude Include="Client\HookManager\Hooks\Others\RenderLevelHook.h" />
    <ClInclude Include="Client\HookManager\Hooks\Others\GetCameraModeHook.h" />
    <ClInclude Include="Client\HookManager\Hooks\Actor\ActorSwingHook.h" />
    <ClInclude Include="Client\ModuleManager\Modules\Render\Tracer.h" />
    <ClInclude Include="Client\HookManager\Hooks\Actor\ActorGetHeadRotHook.h" />
    <ClInclude Include="Client\HookManager\Hooks\Actor\ActorGetBodyYawHook.h" />
    <ClInclude Include="Client\ModuleManager\Modules\Combat\AutoCrystal.h" />
    <ClInclude Include="Client\ModuleManager\Modules\Player\Surround.h" />
    <ClInclude Include="Client\ModuleManager\Modules\Player\Scaffold.h" />
    <ClInclude Include="SDK\Components\Flags\OnGroundFlag.h" />
    <ClInclude Include="Client\HookManager\Hooks\Others\GetFovHook.h" />
    <ClInclude Include="Client\ModuleManager\Modules\Combat\Reach.h" />
    <ClInclude Include="Client\ModuleManager\Modules\Misc\Disabler.h" />
    <ClInclude Include="Client\ModuleManager\Modules\Render\CustomFov.h" />
    <ClInclude Include="Client\ModuleManager\Modules\Player\AutoOffhand.h" />
    <ClInclude Include="Client\ModuleManager\Modules\Render\ESP.h" />
    <ClInclude Include="Client\CommandManager\Commands\FriendCommand.h" />
    <ClInclude Include="Client\ModuleManager\Modules\Combat\AutoAnvil.h" />
    <ClInclude Include="Client\ModuleManager\Modules\Misc\Anticrystal.h" />
    <ClInclude Include="Client\ModuleManager\Modules\Movement\Fly.h" />
    <ClInclude Include="Client\ModuleManager\Modules\Movement\ElytraFly.h" />
    <ClInclude Include="Client\ModuleManager\Modules\Movement\Clip.h" />
    <ClInclude Include="Client\ModuleManager\Modules\Player\AntiAnvil.h" />
    <ClInclude Include="Client\ModuleManager\Modules\Render\AutoEmote.h" />
    <ClInclude Include="SDK\Classes\ActorUniqueID.h" />
    <ClInclude Include="SDK\Classes\Block.h" />
    <ClInclude Include="SDK\Classes\BlockLegacy.h" />
    <ClInclude Include="SDK\Classes\BlockSource.h" />
    <ClInclude Include="SDK\Classes\CaretMeasureData.h" />
    <ClInclude Include="SDK\Classes\ClientInstance.h" />
    <ClInclude Include="SDK\Classes\ComplexInventoryTransaction.h" />
    <ClInclude Include="SDK\Classes\Container.h" />
    <ClInclude Include="SDK\Classes\ContainerScreenController.h" />
    <ClInclude Include="SDK\Classes\ContainerScreenControllerEvent.h" />
    <ClInclude Include="SDK\Classes\ContainerScreenControllerTickEventContainerScreenControllerTickEvent.h" />
    <ClInclude Include="SDK\Classes\Dimension.h" />
    <ClInclude Include="SDK\Classes\FontBitmap.h" />
    <ClInclude Include="SDK\Classes\GameMode.h" />
    <ClInclude Include="SDK\Classes\GuiData.h" />
    <ClInclude Include="SDK\Classes\HashedString.h" />
    <ClInclude Include="SDK\Classes\HIDController.h" />
    <ClInclude Include="SDK\Classes\IContainerManager.h" />
    <ClInclude Include="SDK\Classes\Inventory.h" />
    <ClInclude Include="SDK\Classes\InventoryAction.h" />
    <ClInclude Include="SDK\Classes\InventorySource.h" />
    <ClInclude Include="SDK\Classes\InventoryTransactionManager.h" />
    <ClInclude Include="SDK\Classes\Item.h" />
    <ClInclude Include="SDK\Classes\ItemStack.h" />
    <ClInclude Include="SDK\Classes\ItemStackBase.h" />
    <ClInclude Include="SDK\Classes\Level.h" />
    <ClInclude Include="SDK\Classes\LevelRenderer.h" />
    <ClInclude Include="SDK\Classes\LevelRendererPlayer.h" />
    <ClInclude Include="SDK\Classes\LocalPlayer.h" />
    <ClInclude Include="SDK\Classes\LoopbackPacketSender.h" />
    <ClInclude Include="SDK\Classes\Material.h" />
    <ClInclude Include="SDK\Classes\MaterialPtr.h" />
    <ClInclude Include="SDK\Classes\Minecraft.h" />
    <ClInclude Include="SDK\Classes\MinecraftGame.h" />
    <ClInclude Include="SDK\Classes\MinecraftPacket.h" />
    <ClInclude Include="SDK\Classes\MinecraftTimer.h" />
    <ClInclude Include="SDK\Classes\MinecraftUIRenderContext.h" />
    <ClInclude Include="SDK\Classes\Mob.h" />
    <ClInclude Include="SDK\Classes\MobEffectInstance.h" />
    <ClInclude Include="SDK\Classes\NetworkItemStackDescriptor.h" />
    <ClInclude Include="SDK\Classes\Options.h" />
    <ClInclude Include="SDK\Classes\Packet.h" />
    <ClInclude Include="SDK\Classes\PathStruct.h" />
    <ClInclude Include="SDK\Classes\Player.h" />
    <ClInclude Include="SDK\Classes\PlayerInventory.h" />
    <ClInclude Include="SDK\Classes\RootUIControl.h" />
    <ClInclude Include="SDK\Classes\ScreenContext.h" />
    <ClInclude Include="SDK\Classes\ScreenController.h" />
    <ClInclude Include="SDK\Classes\ScreenControllerEvent.h" />
    <ClInclude Include="SDK\Classes\ScreenView.h" />
    <ClInclude Include="SDK\Classes\SimpleContainer.h" />
    <ClInclude Include="SDK\Classes\Tessellator.h" />
    <ClInclude Include="SDK\Classes\TextHolder.h" />
    <ClInclude Include="SDK\Classes\TextMeasureData.h" />
    <ClInclude Include="SDK\Classes\TextureData.h" />
    <ClInclude Include="SDK\Classes\UILayer.h" />
    <ClInclude Include="SDK\Classes\UIProfanityContext.h" />
    <ClInclude Include="SDK\Classes\VisualTree.h" />
    <ClInclude Include="SDK\Classes\ActorUniqueID.h" />
    <ClInclude Include="SDK\Classes\Block.h" />
    <ClInclude Include="SDK\Classes\BlockLegacy.h" />
    <ClInclude Include="SDK\Classes\BlockSource.h" />
    <ClInclude Include="SDK\Classes\CaretMeasureData.h" />
    <ClInclude Include="SDK\Classes\ClientInstance.h" />
    <ClInclude Include="SDK\Classes\ComplexInventoryTransaction.h" />
    <ClInclude Include="SDK\Classes\Container.h" />
    <ClInclude Include="SDK\Classes\ContainerScreenController.h" />
    <ClInclude Include="SDK\Classes\ContainerScreenControllerEvent.h" />
    <ClInclude Include="SDK\Classes\ContainerScreenControllerTickEventContainerScreenControllerTickEvent.h" />
    <ClInclude Include="SDK\Classes\Dimension.h" />
    <ClInclude Include="SDK\Classes\FontBitmap.h" />
    <ClInclude Include="SDK\Classes\GameMode.h" />
    <ClInclude Include="SDK\Classes\GuiData.h" />
    <ClInclude Include="SDK\Classes\HashedString.h" />
    <ClInclude Include="SDK\Classes\HIDController.h" />
    <ClInclude Include="SDK\Classes\IContainerManager.h" />
    <ClInclude Include="SDK\Classes\Inventory.h" />
    <ClInclude Include="SDK\Classes\InventoryAction.h" />
    <ClInclude Include="SDK\Classes\InventorySource.h" />
    <ClInclude Include="SDK\Classes\InventoryTransactionManager.h" />
    <ClInclude Include="SDK\Classes\Item.h" />
    <ClInclude Include="SDK\Classes\ItemStack.h" />
    <ClInclude Include="SDK\Classes\ItemStackBase.h" />
    <ClInclude Include="SDK\Classes\Level.h" />
    <ClInclude Include="SDK\Classes\LevelRenderer.h" />
    <ClInclude Include="SDK\Classes\LevelRendererPlayer.h" />
    <ClInclude Include="SDK\Classes\LocalPlayer.h" />
    <ClInclude Include="SDK\Classes\LoopbackPacketSender.h" />
    <ClInclude Include="SDK\Classes\Material.h" />
    <ClInclude Include="SDK\Classes\MaterialPtr.h" />
    <ClInclude Include="SDK\Classes\Minecraft.h" />
    <ClInclude Include="SDK\Classes\MinecraftGame.h" />
    <ClInclude Include="SDK\Classes\MinecraftPacket.h" />
    <ClInclude Include="SDK\Classes\MinecraftTimer.h" />
    <ClInclude Include="SDK\Classes\MinecraftUIRenderContext.h" />
    <ClInclude Include="SDK\Classes\Mob.h" />
    <ClInclude Include="SDK\Classes\MobEffectInstance.h" />
    <ClInclude Include="SDK\Classes\NetworkItemStackDescriptor.h" />
    <ClInclude Include="SDK\Classes\Options.h" />
    <ClInclude Include="SDK\Classes\Packet.h" />
    <ClInclude Include="SDK\Classes\PathStruct.h" />
    <ClInclude Include="SDK\Classes\Player.h" />
    <ClInclude Include="SDK\Classes\PlayerInventory.h" />
    <ClInclude Include="SDK\Classes\RootUIControl.h" />
    <ClInclude Include="SDK\Classes\ScreenContext.h" />
    <ClInclude Include="SDK\Classes\ScreenController.h" />
    <ClInclude Include="SDK\Classes\ScreenControllerEvent.h" />
    <ClInclude Include="SDK\Classes\ScreenView.h" />
    <ClInclude Include="SDK\Classes\SimpleContainer.h" />
    <ClInclude Include="SDK\Classes\Tessellator.h" />
    <ClInclude Include="SDK\Classes\TextHolder.h" />
    <ClInclude Include="SDK\Classes\TextMeasureData.h" />
    <ClInclude Include="SDK\Classes\TextureData.h" />
    <ClInclude Include="SDK\Classes\UILayer.h" />
    <ClInclude Include="SDK\Classes\UIProfanityContext.h" />
    <ClInclude Include="SDK\Classes\VisualTree.h" />
    <ClInclude Include="SDK\Classes\ActorUniqueID.h" />
    <ClInclude Include="SDK\Classes\Block.h" />
    <ClInclude Include="SDK\Classes\BlockLegacy.h" />
    <ClInclude Include="SDK\Classes\BlockSource.h" />
    <ClInclude Include="SDK\Classes\CaretMeasureData.h" />
    <ClInclude Include="SDK\Classes\ClientInstance.h" />
    <ClInclude Include="SDK\Classes\ComplexInventoryTransaction.h" />
    <ClInclude Include="SDK\Classes\Container.h" />
    <ClInclude Include="SDK\Classes\ContainerScreenController.h" />
    <ClInclude Include="SDK\Classes\ContainerScreenControllerEvent.h" />
    <ClInclude Include="SDK\Classes\ContainerScreenControllerTickEventContainerScreenControllerTickEvent.h" />
    <ClInclude Include="SDK\Classes\Dimension.h" />
    <ClInclude Include="SDK\Classes\FontBitmap.h" />
    <ClInclude Include="SDK\Classes\GameMode.h" />
    <ClInclude Include="SDK\Classes\GuiData.h" />
    <ClInclude Include="SDK\Classes\HashedString.h" />
    <ClInclude Include="SDK\Classes\HIDController.h" />
    <ClInclude Include="SDK\Classes\IContainerManager.h" />
    <ClInclude Include="SDK\Classes\Inventory.h" />
    <ClInclude Include="SDK\Classes\InventoryAction.h" />
    <ClInclude Include="SDK\Classes\InventorySource.h" />
    <ClInclude Include="SDK\Classes\InventoryTransactionManager.h" />
    <ClInclude Include="SDK\Classes\Item.h" />
    <ClInclude Include="SDK\Classes\ItemStack.h" />
    <ClInclude Include="SDK\Classes\ItemStackBase.h" />
    <ClInclude Include="SDK\Classes\Level.h" />
    <ClInclude Include="SDK\Classes\LevelRenderer.h" />
    <ClInclude Include="SDK\Classes\LevelRendererPlayer.h" />
    <ClInclude Include="SDK\Classes\LocalPlayer.h" />
    <ClInclude Include="SDK\Classes\LoopbackPacketSender.h" />
    <ClInclude Include="SDK\Classes\Material.h" />
    <ClInclude Include="SDK\Classes\MaterialPtr.h" />
    <ClInclude Include="SDK\Classes\Minecraft.h" />
    <ClInclude Include="SDK\Classes\MinecraftGame.h" />
    <ClInclude Include="SDK\Classes\MinecraftPacket.h" />
    <ClInclude Include="SDK\Classes\MinecraftTimer.h" />
    <ClInclude Include="SDK\Classes\MinecraftUIRenderContext.h" />
    <ClInclude Include="SDK\Classes\Mob.h" />
    <ClInclude Include="SDK\Classes\MobEffectInstance.h" />
    <ClInclude Include="SDK\Classes\NetworkItemStackDescriptor.h" />
    <ClInclude Include="SDK\Classes\Options.h" />
    <ClInclude Include="SDK\Classes\Packet.h" />
    <ClInclude Include="SDK\Classes\PathStruct.h" />
    <ClInclude Include="SDK\Classes\Player.h" />
    <ClInclude Include="SDK\Classes\PlayerInventory.h" />
    <ClInclude Include="SDK\Classes\RootUIControl.h" />
    <ClInclude Include="SDK\Classes\ScreenContext.h" />
    <ClInclude Include="SDK\Classes\ScreenController.h" />
    <ClInclude Include="SDK\Classes\ScreenControllerEvent.h" />
    <ClInclude Include="SDK\Classes\ScreenView.h" />
    <ClInclude Include="SDK\Classes\SimpleContainer.h" />
    <ClInclude Include="SDK\Classes\Tessellator.h" />
    <ClInclude Include="SDK\Classes\TextHolder.h" />
    <ClInclude Include="SDK\Classes\TextMeasureData.h" />
    <ClInclude Include="SDK\Classes\TextureData.h" />
    <ClInclude Include="SDK\Classes\UILayer.h" />
    <ClInclude Include="SDK\Classes\UIProfanityContext.h" />
    <ClInclude Include="SDK\Classes\VisualTree.h" />
    <ClInclude Include="SDK\Classes\WeakPtr.h" />
    <ClInclude Include="SDK\Classes\*.h" />
    <ClInclude Include="SDK\Classes\*.h" />
    <ClInclude Include="SDK\Classes\*.h" />
    <ClInclude Include="SDK\Classes\*.h" />
    <ClInclude Include="SDK\Classes\*.h" />
    <ClInclude Include="SDK\Classes\*.h" />
    <ClInclude Include="SDK\Classes\*.h" />
    <ClInclude Include="SDK\Classes\*.h" />
    <ClInclude Include="SDK\Classes\*.h" />
    <ClInclude Include="SDK\Classes\*.h" />
    <ClInclude Include="SDK\Classes\*.h" />
    <ClInclude Include="SDK\Classes\*.h" />
    <ClInclude Include="SDK\Classes\*.h" />
    <ClInclude Include="SDK\Classes\*.h" />
    <ClInclude Include="SDK\Classes\*.h" />
    <ClInclude Include="SDK\Classes\*.h" />
    <ClInclude Include="SDK\Classes\*.h" />
    <ClInclude Include="SDK\Classes\*.h" />
    <ClInclude Include="SDK\Classes\*.h" />
    <ClInclude Include="SDK\Classes\*.h" />
    <ClInclude Include="SDK\Classes\*.h" />
    <ClInclude Include="SDK\Classes\*.h" />
    <ClInclude Include="SDK\Classes\*.h" />
    <ClInclude Include="SDK\Classes\*.h" />
    <ClInclude Include="SDK\Classes\*.h" />
    <ClInclude Include="SDK\Classes\*.h" />
    <ClInclude Include="SDK\Classes\*.h" />
    <ClInclude Include="SDK\Classes\*.h" />
    <ClInclude Include="SDK\Classes\*.h" />
    <ClInclude Include="SDK\Classes\*.h" />
    <ClInclude Include="SDK\Classes\*.h" />
    <ClInclude Include="SDK\Classes\*.h" />
    <ClInclude Include="SDK\Classes\*.h" />
    <ClInclude Include="SDK\Classes\*.h" />
    <ClInclude Include="SDK\Classes\*.h" />
    <ClInclude Include="SDK\Classes\*.h" />
    <ClInclude Include="SDK\Classes\*.h" />
    <ClInclude Include="SDK\Classes\*.h" />
    <ClInclude Include="SDK\Classes\*.h" />
    <ClInclude Include="SDK\Classes\*.h" />
    <ClInclude Include="SDK\Classes\*.h" />
    <ClInclude Include="SDK\Classes\*.h" />
    <ClInclude Include="SDK\Classes\*.h" />
    <ClInclude Include="SDK\Classes\*.h" />
    <ClInclude Include="SDK\Classes\*.h" />
    <ClInclude Include="SDK\Classes\*.h" />
    <ClInclude Include="SDK\Classes\*.h" />
    <ClInclude Include="SDK\Classes\*.h" />
    <ClInclude Include="SDK\Classes\*.h" />
    <ClInclude Include="SDK\Classes\*.h" />
    <ClInclude Include="SDK\Classes\*.h" />
    <ClInclude Include="SDK\Classes\*.h" />
    <ClInclude Include="SDK\Classes\*.h" />
    <ClInclude Include="SDK\Classes\*.h" />
    <ClInclude Include="SDK\Components\ActorRotationComponent.h" />
    <ClInclude Include="SDK\Components\AABBShapeComponent.h" />
    <ClInclude Include="Utils\Timerutils.h" />
    <ClInclude Include="Client\ModuleManager\Modules\Player\ChestStealler.h" />
    <ClInclude Include="SDK\Classes\ContainerScreenController.h" />
    <ClInclude Include="SDK\Classes\ContainerScreenControllerEvent.h" />
    <ClInclude Include="SDK\Classes\ContainerScreenControllerTickEventContainerScreenControllerTickEvent.h" />
    <ClInclude Include="SDK\Classes\ScreenController.h" />
    <ClInclude Include="SDK\Classes\ScreenControllerEvent.h" />
    <ClInclude Include="SDK\Classes\IContainerManager.h" />
    <ClInclude Include="SDK\Classes\Actor.h" />
    <ClInclude Include="SDK\Classes\ActorUniqueID.h" />
    <ClInclude Include="SDK\Classes\UIProfanityContext.h" />
    <ClInclude Include="SDK\Classes\Block.h" />
    <ClInclude Include="SDK\Classes\BlockLegacy.h" />
    <ClInclude Include="SDK\Classes\BlockSource.h" />
    <ClInclude Include="SDK\Classes\CaretMeasureData.h" />
    <ClInclude Include="SDK\Classes\ClientInstance.h" />
    <ClInclude Include="SDK\Classes\ComplexInventoryTransaction.h" />
    <ClInclude Include="SDK\Classes\Container.h" />
    <ClInclude Include="SDK\Classes\Dimension.h" />
    <ClInclude Include="SDK\Classes\FontBitmap.h" />
    <ClInclude Include="SDK\Classes\GameMode.h" />
    <ClInclude Include="SDK\Classes\GuiData.h" />
    <ClInclude Include="SDK\Classes\HashedString.h" />
    <ClInclude Include="SDK\Classes\HIDController.h" />
    <ClInclude Include="SDK\Classes\Inventory.h" />
    <ClInclude Include="SDK\Classes\InventoryAction.h" />
    <ClInclude Include="SDK\Classes\InventorySource.h" />
    <ClInclude Include="SDK\Classes\InventoryTransactionManager.h" />
    <ClInclude Include="SDK\Classes\LoopbackPacketSender.h" />
    <ClInclude Include="SDK\Classes\Material.h" />
    <ClInclude Include="SDK\Classes\Minecraft.h" />
    <ClInclude Include="SDK\Classes\MinecraftPacket.h" />
    <ClInclude Include="SDK\Classes\MinecraftTimer.h" />
    <ClInclude Include="SDK\Classes\MobEffectInstance.h" />
    <ClInclude Include="SDK\Classes\NetworkItemStackDescriptor.h" />
    <ClInclude Include="SDK\Classes\Packet.h" />
    <ClInclude Include="SDK\Classes\PlayerInventory.h" />
    <ClInclude Include="SDK\Classes\Item.h" />
    <ClInclude Include="SDK\Classes\ItemStack.h" />
    <ClInclude Include="SDK\Classes\ItemStackBase.h" />
    <ClInclude Include="SDK\Classes\Level.h" />
    <ClInclude Include="SDK\Classes\LevelRenderer.h" />
    <ClInclude Include="SDK\Classes\LevelRendererPlayer.h" />
    <ClInclude Include="SDK\Classes\LocalPlayer.h" />
    <ClInclude Include="SDK\Classes\MaterialPtr.h" />
    <ClInclude Include="SDK\Classes\MinecraftGame.h" />
    <ClInclude Include="SDK\Classes\MinecraftUIRenderContext.h" />
    <ClInclude Include="SDK\Classes\Mob.h" />
    <ClInclude Include="SDK\Classes\Options.h" />
    <ClInclude Include="SDK\Classes\PathStruct.h" />
    <ClInclude Include="SDK\Classes\Player.h" />
    <ClInclude Include="SDK\Classes\RootUIControl.h" />
    <ClInclude Include="SDK\Classes\ScreenContext.h" />
    <ClInclude Include="SDK\Classes\ScreenView.h" />
    <ClInclude Include="SDK\Classes\SimpleContainer.h" />
    <ClInclude Include="SDK\Classes\Tessellator.h" />
    <ClInclude Include="SDK\Classes\TextHolder.h" />
    <ClInclude Include="SDK\Classes\TextMeasureData.h" />
    <ClInclude Include="SDK\Classes\TextureData.h" />
    <ClInclude Include="SDK\Classes\UILayer.h" />
    <ClInclude Include="SDK\Classes\VisualTree.h" />
    <ClInclude Include="Client\HookManager\Hooks\Others\onContainerScreenControllerTickEventhook.h" />
    <ClInclude Include="Client\HookManager\Hooks\Others\ItemUseSlowdownHook.h" />
    <ClInclude Include="SDK\Classes\WeakPtr.h" />
  </ItemGroup>
  <ItemGroup>
    <None Include="packages.config" />
  </ItemGroup>
  <ItemGroup>
    <Library Include="Libs\Libhat\libhat.lib" />
  </ItemGroup>
</Project>